
Microsoft Visual Studio Solution File, Format Version 12.00
# Visual Studio 2010
Project("{8BC9CEB8-8B4A-11D0-8D11-00A0C91BC942}") = "GameMenu", "GameMenu\GameMenu.vcxproj", "{5F6C063F-6578-4D8D-873B-C85439073512}"
EndProject
Project("{8BC9CEB8-8B4A-11D0-8D11-00A0C91BC942}") = "SpaceShooter", "SpaceShooter\SpaceShooter.vcxproj", "{A1ABADC0-B0F4-43E7-9C3D-7432A363AB5B}"
EndProject
Project("{8BC9CEB8-8B4A-11D0-8D11-00A0C91BC942}") = "AverageGameScores", "AverageGameScores\AverageGameScores.vcxproj", "{AFDC2169-94D4-4DD5-B1F7-72D58F56A750}"
EndProject
Project("{8BC9CEB8-8B4A-11D0-8D11-00A0C91BC942}") = "CardGame", "CardGame\CardGame.vcxproj", "{FED487EA-2909-4D3F-B8EE-DD5E6E863466}"
EndProject
Project("{2150E333-8FDC-42A3-9474-1A3956D46DE8}") = "Chapter 1", "Chapter 1", "{3CE5CA61-02CE-4B59-99A5-0B4DB5339BB7}"
EndProject
Project("{2150E333-8FDC-42A3-9474-1A3956D46DE8}") = "Chapter 2", "Chapter 2", "{8FE18B60-25E9-496B-8274-C0E2EC63C7A9}"
EndProject
Project("{8BC9CEB8-8B4A-11D0-8D11-00A0C91BC942}") = "ScoreRatings", "ScoreRatings\ScoreRatings.vcxproj", "{6D9C51B7-E02A-4DAA-AE86-FB9E26184EA4}"
EndProject
Project("{8BC9CEB8-8B4A-11D0-8D11-00A0C91BC942}") = "GuessMyNumber", "GuessMyNumber\GuessMyNumber.vcxproj", "{D2D26583-8939-4C1F-AB6C-BF874FC52D17}"
EndProject
Project("{8BC9CEB8-8B4A-11D0-8D11-00A0C91BC942}") = "GuessMyNumber2", "GuessMyNumber2\GuessMyNumber2.vcxproj", "{602B13EB-7A3E-42E9-B1FB-77FB54E769DE}"
EndProject
Project("{8BC9CEB8-8B4A-11D0-8D11-00A0C91BC942}") = "Nim", "Nim\Nim.vcxproj", "{66BF0EA2-EA12-4E97-B339-739975843524}"
EndProject
Project("{2150E333-8FDC-42A3-9474-1A3956D46DE8}") = "Chapter 3", "Chapter 3", "{8C6A3A36-0E1C-4932-A84E-DA277BC6DEA1}"
EndProject
Project("{8BC9CEB8-8B4A-11D0-8D11-00A0C91BC942}") = "Word Jumble", "Word Jumble\Word Jumble.vcxproj", "{E6D867CA-F5B9-4D61-9578-1D2D776AFF94}"
EndProject
Project("{8BC9CEB8-8B4A-11D0-8D11-00A0C91BC942}") = "CardDeck", "CardDeck\CardDeck.vcxproj", "{ECBF08CF-24ED-4477-981A-703F5EE39F8B}"
EndProject
Project("{2150E333-8FDC-42A3-9474-1A3956D46DE8}") = "Chapter 5", "Chapter 5", "{3029C63E-F722-4852-B5DC-967AC00CA564}"
EndProject
Project("{8BC9CEB8-8B4A-11D0-8D11-00A0C91BC942}") = "Inventory", "Inventory\Inventory.vcxproj", "{96BFCAFA-4A4A-4893-BF71-265FB6C6ADD8}"
EndProject
Project("{8BC9CEB8-8B4A-11D0-8D11-00A0C91BC942}") = "CritterCaretaker", "CritterCaretaker\CritterCaretaker.vcxproj", "{C50B4408-DB18-4A0B-9CE0-7068155A7C3D}"
EndProject
Project("{8BC9CEB8-8B4A-11D0-8D11-00A0C91BC942}") = "StarShip", "StarShip\StarShip.vcxproj", "{F1CEF177-EF90-44ED-BBBD-C96A738770D4}"
EndProject
Project("{2150E333-8FDC-42A3-9474-1A3956D46DE8}") = "Chapter 7", "Chapter 7", "{7CE9A6AE-B11A-4D27-893C-A9FF55151BCE}"
EndProject
Project("{8BC9CEB8-8B4A-11D0-8D11-00A0C91BC942}") = "TicTacToe1", "TicTacToe1\TicTacToe1.vcxproj", "{042E47F7-B8F1-4D0D-86D0-1A3EC9FECBE9}"
EndProject
Project("{2150E333-8FDC-42A3-9474-1A3956D46DE8}") = "Chapter 9", "Chapter 9", "{D18A6610-A188-43B2-814F-844710DCECE1}"
EndProject
Project("{8BC9CEB8-8B4A-11D0-8D11-00A0C91BC942}") = "TriviaChallenge", "TriviaChallenge\TriviaChallenge.vcxproj", "{77923D87-587B-48FB-9889-BF95B9703AE4}"
EndProject
Project("{2150E333-8FDC-42A3-9474-1A3956D46DE8}") = "Chapter 6", "Chapter 6", "{33A75606-63F1-40C4-AF65-1CBD4B37E6F5}"
EndProject
Project("{2150E333-8FDC-42A3-9474-1A3956D46DE8}") = "Chapter 10", "Chapter 10", "{F18AD8F8-5E7B-4699-B02E-D6D75D61AC33}"
EndProject
Project("{8BC9CEB8-8B4A-11D0-8D11-00A0C91BC942}") = "FoxChickenGrain", "FoxChickenGrain\FoxChickenGrain.vcxproj", "{A7344339-FB75-442A-8CD1-4AC950CBA50D}"
EndProject
Global
	GlobalSection(SolutionConfigurationPlatforms) = preSolution
		Debug|Win32 = Debug|Win32
		Release|Win32 = Release|Win32
	EndGlobalSection
	GlobalSection(ProjectConfigurationPlatforms) = postSolution
		{5F6C063F-6578-4D8D-873B-C85439073512}.Debug|Win32.ActiveCfg = Debug|Win32
		{5F6C063F-6578-4D8D-873B-C85439073512}.Debug|Win32.Build.0 = Debug|Win32
		{5F6C063F-6578-4D8D-873B-C85439073512}.Release|Win32.ActiveCfg = Release|Win32
		{5F6C063F-6578-4D8D-873B-C85439073512}.Release|Win32.Build.0 = Release|Win32
		{A1ABADC0-B0F4-43E7-9C3D-7432A363AB5B}.Debug|Win32.ActiveCfg = Debug|Win32
		{A1ABADC0-B0F4-43E7-9C3D-7432A363AB5B}.Debug|Win32.Build.0 = Debug|Win32
		{A1ABADC0-B0F4-43E7-9C3D-7432A363AB5B}.Release|Win32.ActiveCfg = Release|Win32
		{A1ABADC0-B0F4-43E7-9C3D-7432A363AB5B}.Release|Win32.Build.0 = Release|Win32
		{AFDC2169-94D4-4DD5-B1F7-72D58F56A750}.Debug|Win32.ActiveCfg = Debug|Win32
		{AFDC2169-94D4-4DD5-B1F7-72D58F56A750}.Debug|Win32.Build.0 = Debug|Win32
		{AFDC2169-94D4-4DD5-B1F7-72D58F56A750}.Release|Win32.ActiveCfg = Release|Win32
		{AFDC2169-94D4-4DD5-B1F7-72D58F56A750}.Release|Win32.Build.0 = Release|Win32
		{FED487EA-2909-4D3F-B8EE-DD5E6E863466}.Debug|Win32.ActiveCfg = Debug|Win32
		{FED487EA-2909-4D3F-B8EE-DD5E6E863466}.Debug|Win32.Build.0 = Debug|Win32
		{FED487EA-2909-4D3F-B8EE-DD5E6E863466}.Release|Win32.ActiveCfg = Release|Win32
		{FED487EA-2909-4D3F-B8EE-DD5E6E863466}.Release|Win32.Build.0 = Release|Win32
		{6D9C51B7-E02A-4DAA-AE86-FB9E26184EA4}.Debug|Win32.ActiveCfg = Debug|Win32
		{6D9C51B7-E02A-4DAA-AE86-FB9E26184EA4}.Debug|Win32.Build.0 = Debug|Win32
		{6D9C51B7-E02A-4DAA-AE86-FB9E26184EA4}.Release|Win32.ActiveCfg = Release|Win32
		{6D9C51B7-E02A-4DAA-AE86-FB9E26184EA4}.Release|Win32.Build.0 = Release|Win32
		{D2D26583-8939-4C1F-AB6C-BF874FC52D17}.Debug|Win32.ActiveCfg = Debug|Win32
		{D2D26583-8939-4C1F-AB6C-BF874FC52D17}.Debug|Win32.Build.0 = Debug|Win32
		{D2D26583-8939-4C1F-AB6C-BF874FC52D17}.Release|Win32.ActiveCfg = Release|Win32
		{D2D26583-8939-4C1F-AB6C-BF874FC52D17}.Release|Win32.Build.0 = Release|Win32
		{602B13EB-7A3E-42E9-B1FB-77FB54E769DE}.Debug|Win32.ActiveCfg = Debug|Win32
		{602B13EB-7A3E-42E9-B1FB-77FB54E769DE}.Debug|Win32.Build.0 = Debug|Win32
		{602B13EB-7A3E-42E9-B1FB-77FB54E769DE}.Release|Win32.ActiveCfg = Release|Win32
		{602B13EB-7A3E-42E9-B1FB-77FB54E769DE}.Release|Win32.Build.0 = Release|Win32
		{66BF0EA2-EA12-4E97-B339-739975843524}.Debug|Win32.ActiveCfg = Debug|Win32
		{66BF0EA2-EA12-4E97-B339-739975843524}.Debug|Win32.Build.0 = Debug|Win32
		{66BF0EA2-EA12-4E97-B339-739975843524}.Release|Win32.ActiveCfg = Release|Win32
		{66BF0EA2-EA12-4E97-B339-739975843524}.Release|Win32.Build.0 = Release|Win32
		{E6D867CA-F5B9-4D61-9578-1D2D776AFF94}.Debug|Win32.ActiveCfg = Debug|Win32
		{E6D867CA-F5B9-4D61-9578-1D2D776AFF94}.Debug|Win32.Build.0 = Debug|Win32
		{E6D867CA-F5B9-4D61-9578-1D2D776AFF94}.Release|Win32.ActiveCfg = Release|Win32
		{E6D867CA-F5B9-4D61-9578-1D2D776AFF94}.Release|Win32.Build.0 = Release|Win32
		{ECBF08CF-24ED-4477-981A-703F5EE39F8B}.Debug|Win32.ActiveCfg = Debug|Win32
		{ECBF08CF-24ED-4477-981A-703F5EE39F8B}.Debug|Win32.Build.0 = Debug|Win32
		{ECBF08CF-24ED-4477-981A-703F5EE39F8B}.Release|Win32.ActiveCfg = Release|Win32
		{ECBF08CF-24ED-4477-981A-703F5EE39F8B}.Release|Win32.Build.0 = Release|Win32
		{96BFCAFA-4A4A-4893-BF71-265FB6C6ADD8}.Debug|Win32.ActiveCfg = Debug|Win32
		{96BFCAFA-4A4A-4893-BF71-265FB6C6ADD8}.Debug|Win32.Build.0 = Debug|Win32
		{96BFCAFA-4A4A-4893-BF71-265FB6C6ADD8}.Release|Win32.ActiveCfg = Release|Win32
		{96BFCAFA-4A4A-4893-BF71-265FB6C6ADD8}.Release|Win32.Build.0 = Release|Win32
		{C50B4408-DB18-4A0B-9CE0-7068155A7C3D}.Debug|Win32.ActiveCfg = Debug|Win32
		{C50B4408-DB18-4A0B-9CE0-7068155A7C3D}.Debug|Win32.Build.0 = Debug|Win32
		{C50B4408-DB18-4A0B-9CE0-7068155A7C3D}.Release|Win32.ActiveCfg = Release|Win32
		{C50B4408-DB18-4A0B-9CE0-7068155A7C3D}.Release|Win32.Build.0 = Release|Win32
		{F1CEF177-EF90-44ED-BBBD-C96A738770D4}.Debug|Win32.ActiveCfg = Debug|Win32
		{F1CEF177-EF90-44ED-BBBD-C96A738770D4}.Debug|Win32.Build.0 = Debug|Win32
		{F1CEF177-EF90-44ED-BBBD-C96A738770D4}.Release|Win32.ActiveCfg = Release|Win32
		{F1CEF177-EF90-44ED-BBBD-C96A738770D4}.Release|Win32.Build.0 = Release|Win32
		{042E47F7-B8F1-4D0D-86D0-1A3EC9FECBE9}.Debug|Win32.ActiveCfg = Debug|Win32
		{042E47F7-B8F1-4D0D-86D0-1A3EC9FECBE9}.Debug|Win32.Build.0 = Debug|Win32
		{042E47F7-B8F1-4D0D-86D0-1A3EC9FECBE9}.Release|Win32.ActiveCfg = Release|Win32
		{042E47F7-B8F1-4D0D-86D0-1A3EC9FECBE9}.Release|Win32.Build.0 = Release|Win32
		{77923D87-587B-48FB-9889-BF95B9703AE4}.Debug|Win32.ActiveCfg = Debug|Win32
		{77923D87-587B-48FB-9889-BF95B9703AE4}.Debug|Win32.Build.0 = Debug|Win32
		{77923D87-587B-48FB-9889-BF95B9703AE4}.Release|Win32.ActiveCfg = Release|Win32
		{77923D87-587B-48FB-9889-BF95B9703AE4}.Release|Win32.Build.0 = Release|Win32
		{A7344339-FB75-442A-8CD1-4AC950CBA50D}.Debug|Win32.ActiveCfg = Debug|Win32
		{A7344339-FB75-442A-8CD1-4AC950CBA50D}.Debug|Win32.Build.0 = Debug|Win32
		{A7344339-FB75-442A-8CD1-4AC950CBA50D}.Release|Win32.ActiveCfg = Release|Win32
		{A7344339-FB75-442A-8CD1-4AC950CBA50D}.Release|Win32.Build.0 = Release|Win32
	EndGlobalSection
	GlobalSection(SolutionProperties) = preSolution
		HideSolutionNode = FALSE
	EndGlobalSection
	GlobalSection(NestedProjects) = preSolution
		{A1ABADC0-B0F4-43E7-9C3D-7432A363AB5B} = {3CE5CA61-02CE-4B59-99A5-0B4DB5339BB7}
		{AFDC2169-94D4-4DD5-B1F7-72D58F56A750} = {3CE5CA61-02CE-4B59-99A5-0B4DB5339BB7}
		{FED487EA-2909-4D3F-B8EE-DD5E6E863466} = {3CE5CA61-02CE-4B59-99A5-0B4DB5339BB7}
		{5F6C063F-6578-4D8D-873B-C85439073512} = {3CE5CA61-02CE-4B59-99A5-0B4DB5339BB7}
		{6D9C51B7-E02A-4DAA-AE86-FB9E26184EA4} = {8FE18B60-25E9-496B-8274-C0E2EC63C7A9}
		{D2D26583-8939-4C1F-AB6C-BF874FC52D17} = {8FE18B60-25E9-496B-8274-C0E2EC63C7A9}
		{602B13EB-7A3E-42E9-B1FB-77FB54E769DE} = {8FE18B60-25E9-496B-8274-C0E2EC63C7A9}
		{66BF0EA2-EA12-4E97-B339-739975843524} = {8FE18B60-25E9-496B-8274-C0E2EC63C7A9}
		{E6D867CA-F5B9-4D61-9578-1D2D776AFF94} = {8C6A3A36-0E1C-4932-A84E-DA277BC6DEA1}
		{ECBF08CF-24ED-4477-981A-703F5EE39F8B} = {8C6A3A36-0E1C-4932-A84E-DA277BC6DEA1}
		{96BFCAFA-4A4A-4893-BF71-265FB6C6ADD8} = {3029C63E-F722-4852-B5DC-967AC00CA564}
		{F1CEF177-EF90-44ED-BBBD-C96A738770D4} = {33A75606-63F1-40C4-AF65-1CBD4B37E6F5}
		{C50B4408-DB18-4A0B-9CE0-7068155A7C3D} = {33A75606-63F1-40C4-AF65-1CBD4B37E6F5}
		{042E47F7-B8F1-4D0D-86D0-1A3EC9FECBE9} = {7CE9A6AE-B11A-4D27-893C-A9FF55151BCE}
		{77923D87-587B-48FB-9889-BF95B9703AE4} = {D18A6610-A188-43B2-814F-844710DCECE1}
		{A7344339-FB75-442A-8CD1-4AC950CBA50D} = {F18AD8F8-5E7B-4699-B02E-D6D75D61AC33}
	EndGlobalSection
EndGlobal
